
Microsoft Visual Studio Solution File, Format Version 10.00
# Visual C++ Express 2008
Project("{8BC9CEB8-8B4A-11D0-8D11-00A0C91BC942}") = "SWS_Extension", "sws_extension.vcproj", "{FB45A787-C2B0-4784-A418-3429C0FBC42D}"
EndProject
Global
	GlobalSection(SolutionConfigurationPlatforms) = preSolution
		Release|Win32 = Release|Win32
		Test|Win32 = Test|Win32
	EndGlobalSection
	GlobalSection(ProjectConfigurationPlatforms) = postSolution
		{FB45A787-C2B0-4784-A418-3429C0FBC42D}.Release|Win32.ActiveCfg = Release|Win32
		{FB45A787-C2B0-4784-A418-3429C0FBC42D}.Release|Win32.Build.0 = Release|Win32
		{FB45A787-C2B0-4784-A418-3429C0FBC42D}.Test|Win32.ActiveCfg = Test|Win32
		{FB45A787-C2B0-4784-A418-3429C0FBC42D}.Test|Win32.Build.0 = Test|Win32
	EndGlobalSection
	GlobalSection(SolutionProperties) = preSolution
		HideSolutionNode = FALSE
	EndGlobalSection
EndGlobal
