<?xml version="1.0" encoding="utf-8"?>
<Project ToolsVersion="4.0" xmlns="http://schemas.microsoft.com/developer/msbuild/2003">
  <ItemGroup>
    <Filter Include="Resource Files">
      <UniqueIdentifier>{67DA6AB6-F800-4c08-8B7A-83BB121AAD01}</UniqueIdentifier>
      <Extensions>rc;ico;cur;bmp;dlg;rc2;rct;bin;rgs;gif;jpg;jpeg;jpe;resx</Extensions>
    </Filter>
    <Filter Include="Xenakios">
      <UniqueIdentifier>{d7ff25fc-526d-4f51-b276-ae5d7fe480ef}</UniqueIdentifier>
    </Filter>
    <Filter Include="Xenakios\Source Files">
      <UniqueIdentifier>{759b92c7-fa3b-4949-b7b2-aaea6f55d878}</UniqueIdentifier>
    </Filter>
    <Filter Include="Xenakios\Header Files">
      <UniqueIdentifier>{e63ba2ab-e827-4376-8621-04f1a5283287}</UniqueIdentifier>
    </Filter>
    <Filter Include="WDL">
      <UniqueIdentifier>{6c284357-4ad8-4123-8bef-bb3c1c10c9be}</UniqueIdentifier>
    </Filter>
    <Filter Include="WDL\lice">
      <UniqueIdentifier>{2a432c79-19cf-4399-95e7-217b4df6e4c8}</UniqueIdentifier>
    </Filter>
    <Filter Include="WDL\vwnd">
      <UniqueIdentifier>{fc77562d-891c-4e46-acb1-9f95dc4bd1a2}</UniqueIdentifier>
    </Filter>
    <Filter Include="WDL\jnetlib">
      <UniqueIdentifier>{9595e46b-2ce3-40c2-b68d-f95eadd1436a}</UniqueIdentifier>
    </Filter>
    <Filter Include="SnM">
      <UniqueIdentifier>{e1a0d25f-e113-46c4-b981-a4af7d798092}</UniqueIdentifier>
    </Filter>
    <Filter Include="Padre">
      <UniqueIdentifier>{6d054541-8408-4e29-97d9-fbd83f440566}</UniqueIdentifier>
    </Filter>
    <Filter Include="Fingers">
      <UniqueIdentifier>{9f4ac10b-a60a-4ca2-9a86-865b1004665a}</UniqueIdentifier>
    </Filter>
    <Filter Include="Autorender">
      <UniqueIdentifier>{66877e18-b5db-43ae-a14f-a9427d3b43d9}</UniqueIdentifier>
    </Filter>
    <Filter Include="Markers">
      <UniqueIdentifier>{59a2c64b-6f38-4b66-8bab-a23620fc3b65}</UniqueIdentifier>
    </Filter>
    <Filter Include="ReaConsole">
      <UniqueIdentifier>{cfc5522a-c439-47c5-8abf-9bf5007c482f}</UniqueIdentifier>
    </Filter>
    <Filter Include="Proj Management">
      <UniqueIdentifier>{e9a818b8-048f-4731-9cb8-a29e0eb24484}</UniqueIdentifier>
    </Filter>
    <Filter Include="Adam">
      <UniqueIdentifier>{9371c2fc-9103-4c6e-81f9-81aa0c33c663}</UniqueIdentifier>
    </Filter>
    <Filter Include="Snapshots">
      <UniqueIdentifier>{1cde56b8-431a-40e4-81e1-9edd7b23281e}</UniqueIdentifier>
    </Filter>
    <Filter Include="Core">
      <UniqueIdentifier>{4fbcc7e7-ba54-47a3-9352-1e19b2ac0c1f}</UniqueIdentifier>
    </Filter>
    <Filter Include="Core\Reaper">
      <UniqueIdentifier>{ccaec558-48b6-4db9-a388-9e473046efb7}</UniqueIdentifier>
    </Filter>
    <Filter Include="Core\GUI">
      <UniqueIdentifier>{5aa7974a-b642-4274-94c2-8f61c7c0ecab}</UniqueIdentifier>
    </Filter>
    <Filter Include="Core\Utils">
      <UniqueIdentifier>{5603a55c-87e9-42b3-9779-0621e24f1fda}</UniqueIdentifier>
    </Filter>
    <Filter Include="Core\Utils\libebur128">
      <UniqueIdentifier>{b3c011e1-ba39-49ca-a35b-a833a6e45e0a}</UniqueIdentifier>
    </Filter>
    <Filter Include="Core\Utils\libebur128\queue">
      <UniqueIdentifier>{1bd32f5a-0fd6-4a98-be7b-da14cfc0b705}</UniqueIdentifier>
    </Filter>
    <Filter Include="Core\Utils\libebur128\queue\sys">
      <UniqueIdentifier>{c7ba92a9-03aa-44bb-89aa-595e05d703bc}</UniqueIdentifier>
    </Filter>
    <Filter Include="Core\Chunk Processing">
      <UniqueIdentifier>{4f1bfd54-4365-41c3-8466-2078f1e57426}</UniqueIdentifier>
    </Filter>
    <Filter Include="Zoom">
      <UniqueIdentifier>{2ee8e6d0-1e6c-4451-84e1-1aab778f80ad}</UniqueIdentifier>
    </Filter>
    <Filter Include="Color">
      <UniqueIdentifier>{0f1ed499-00c8-42a0-a6a6-013695bcbbbb}</UniqueIdentifier>
    </Filter>
    <Filter Include="Freeze">
      <UniqueIdentifier>{4cc77b1a-1128-43a2-b0c7-a420a847effe}</UniqueIdentifier>
    </Filter>
    <Filter Include="Misc / General Actions">
      <UniqueIdentifier>{ad28e4bc-e055-4d0a-86a6-8db1e66171c9}</UniqueIdentifier>
    </Filter>
    <Filter Include="Track List">
      <UniqueIdentifier>{c42ed47b-dafa-4085-a363-e55e0e9ff781}</UniqueIdentifier>
    </Filter>
    <Filter Include="IX">
      <UniqueIdentifier>{b94f0cc3-e074-4823-986f-fe911a5d6de3}</UniqueIdentifier>
    </Filter>
    <Filter Include="Breeder">
      <UniqueIdentifier>{f4398738-181d-4429-acbd-24f945463e29}</UniqueIdentifier>
    </Filter>
    <Filter Include="Wol">
      <UniqueIdentifier>{a28b555f-40ac-457d-9479-d44e5154734c}</UniqueIdentifier>
    </Filter>
    <Filter Include="nofish">
      <UniqueIdentifier>{fb731ab1-23d5-4439-a9a1-fb1955e56022}</UniqueIdentifier>
    </Filter>
    <Filter Include="WDL\zlib">
      <UniqueIdentifier>{e32596ef-345e-4e32-b0f9-2bdc78d033e4}</UniqueIdentifier>
    </Filter>
    <Filter Include="WDL\pnglib">
      <UniqueIdentifier>{1b1faaa3-24b0-4d7f-8c83-43e2f6107b78}</UniqueIdentifier>
    </Filter>
  </ItemGroup>
  <ItemGroup>
    <ClInclude Include="resource.h">
      <Filter>Resource Files</Filter>
    </ClInclude>
    <ClInclude Include="Xenakios\Parameters.h">
      <Filter>Xenakios\Header Files</Filter>
    </ClInclude>
    <ClInclude Include="Xenakios\XenakiosExts.h">
      <Filter>Xenakios\Header Files</Filter>
    </ClInclude>
    <ClInclude Include="SnM\SnM.h">
      <Filter>SnM</Filter>
    </ClInclude>
    <ClInclude Include="SnM\SnM_Chunk.h">
      <Filter>SnM</Filter>
    </ClInclude>
    <ClInclude Include="SnM\SnM_ChunkParserPatcher.h">
      <Filter>SnM</Filter>
    </ClInclude>
    <ClInclude Include="SnM\SnM_CSurf.h">
      <Filter>SnM</Filter>
    </ClInclude>
    <ClInclude Include="SnM\SnM_CueBuss.h">
      <Filter>SnM</Filter>
    </ClInclude>
    <ClInclude Include="SnM\SnM_Cyclactions.h">
      <Filter>SnM</Filter>
    </ClInclude>
    <ClInclude Include="SnM\SnM_Dlg.h">
      <Filter>SnM</Filter>
    </ClInclude>
    <ClInclude Include="SnM\SnM_Find.h">
      <Filter>SnM</Filter>
    </ClInclude>
    <ClInclude Include="SnM\SnM_FX.h">
      <Filter>SnM</Filter>
    </ClInclude>
    <ClInclude Include="SnM\SnM_FXChain.h">
      <Filter>SnM</Filter>
    </ClInclude>
    <ClInclude Include="SnM\SnM_Item.h">
      <Filter>SnM</Filter>
    </ClInclude>
    <ClInclude Include="SnM\SnM_LiveConfigs.h">
      <Filter>SnM</Filter>
    </ClInclude>
    <ClInclude Include="SnM\SnM_Marker.h">
      <Filter>SnM</Filter>
    </ClInclude>
    <ClInclude Include="SnM\SnM_ME.h">
      <Filter>SnM</Filter>
    </ClInclude>
    <ClInclude Include="SnM\SnM_Misc.h">
      <Filter>SnM</Filter>
    </ClInclude>
    <ClInclude Include="SnM\SnM_Notes.h">
      <Filter>SnM</Filter>
    </ClInclude>
    <ClInclude Include="SnM\SnM_Project.h">
      <Filter>SnM</Filter>
    </ClInclude>
    <ClInclude Include="SnM\SnM_RegionPlaylist.h">
      <Filter>SnM</Filter>
    </ClInclude>
    <ClInclude Include="SnM\SnM_Resources.h">
      <Filter>SnM</Filter>
    </ClInclude>
    <ClInclude Include="SnM\SnM_Routing.h">
      <Filter>SnM</Filter>
    </ClInclude>
    <ClInclude Include="SnM\SnM_Track.h">
      <Filter>SnM</Filter>
    </ClInclude>
    <ClInclude Include="SnM\SnM_Util.h">
      <Filter>SnM</Filter>
    </ClInclude>
    <ClInclude Include="SnM\SnM_VWnd.h">
      <Filter>SnM</Filter>
    </ClInclude>
    <ClInclude Include="SnM\SnM_Window.h">
      <Filter>SnM</Filter>
    </ClInclude>
    <ClInclude Include="Padre\padreActions.h">
      <Filter>Padre</Filter>
    </ClInclude>
    <ClInclude Include="Padre\padreEnvelopeProcessor.h">
      <Filter>Padre</Filter>
    </ClInclude>
    <ClInclude Include="Padre\padreMidi.h">
      <Filter>Padre</Filter>
    </ClInclude>
    <ClInclude Include="Padre\padreMidiItemFilters.h">
      <Filter>Padre</Filter>
    </ClInclude>
    <ClInclude Include="Padre\padreMidiItemGenerators.h">
      <Filter>Padre</Filter>
    </ClInclude>
    <ClInclude Include="Padre\padreMidiItemProcBase.h">
      <Filter>Padre</Filter>
    </ClInclude>
    <ClInclude Include="Padre\padreRmeTotalmix.h">
      <Filter>Padre</Filter>
    </ClInclude>
    <ClInclude Include="Padre\padreUtils.h">
      <Filter>Padre</Filter>
    </ClInclude>
    <ClInclude Include="Fingers\CommandHandler.h">
      <Filter>Fingers</Filter>
    </ClInclude>
    <ClInclude Include="Fingers\Envelope.h">
      <Filter>Fingers</Filter>
    </ClInclude>
    <ClInclude Include="Fingers\EnvelopeCommands.h">
      <Filter>Fingers</Filter>
    </ClInclude>
    <ClInclude Include="Fingers\FNG_client.h">
      <Filter>Fingers</Filter>
    </ClInclude>
    <ClInclude Include="Fingers\FNG_Settings.h">
      <Filter>Fingers</Filter>
    </ClInclude>
    <ClInclude Include="Fingers\GrooveCommands.h">
      <Filter>Fingers</Filter>
    </ClInclude>
    <ClInclude Include="Fingers\GrooveDialog.h">
      <Filter>Fingers</Filter>
    </ClInclude>
    <ClInclude Include="Fingers\GrooveTemplates.h">
      <Filter>Fingers</Filter>
    </ClInclude>
    <ClInclude Include="Fingers\MediaItemCommands.h">
      <Filter>Fingers</Filter>
    </ClInclude>
    <ClInclude Include="Fingers\MidiLaneCommands.h">
      <Filter>Fingers</Filter>
    </ClInclude>
    <ClInclude Include="Fingers\MiscCommands.h">
      <Filter>Fingers</Filter>
    </ClInclude>
    <ClInclude Include="Fingers\RprContainer.h">
      <Filter>Fingers</Filter>
    </ClInclude>
    <ClInclude Include="Fingers\RprException.h">
      <Filter>Fingers</Filter>
    </ClInclude>
    <ClInclude Include="Fingers\RprItem.h">
      <Filter>Fingers</Filter>
    </ClInclude>
    <ClInclude Include="Fingers\RprMidiCCLane.h">
      <Filter>Fingers</Filter>
    </ClInclude>
    <ClInclude Include="Fingers\RprMidiEvent.h">
      <Filter>Fingers</Filter>
    </ClInclude>
    <ClInclude Include="Fingers\RprMidiTake.h">
      <Filter>Fingers</Filter>
    </ClInclude>
    <ClInclude Include="Fingers\RprMidiTemplate.h">
      <Filter>Fingers</Filter>
    </ClInclude>
    <ClInclude Include="Fingers\RprNode.h">
      <Filter>Fingers</Filter>
    </ClInclude>
    <ClInclude Include="Fingers\RprStateChunk.h">
      <Filter>Fingers</Filter>
    </ClInclude>
    <ClInclude Include="Fingers\RprTake.h">
      <Filter>Fingers</Filter>
    </ClInclude>
    <ClInclude Include="Fingers\RprTrack.h">
      <Filter>Fingers</Filter>
    </ClInclude>
    <ClInclude Include="Fingers\StringUtil.h">
      <Filter>Fingers</Filter>
    </ClInclude>
    <ClInclude Include="Fingers\TimeMap.h">
      <Filter>Fingers</Filter>
    </ClInclude>
    <ClInclude Include="Autorender\Autorender.h">
      <Filter>Autorender</Filter>
    </ClInclude>
    <ClInclude Include="Autorender\RenderTrack.h">
      <Filter>Autorender</Filter>
    </ClInclude>
    <ClInclude Include="MarkerActions\MarkerActions.h">
      <Filter>Markers</Filter>
    </ClInclude>
    <ClInclude Include="MarkerList\MarkerList.h">
      <Filter>Markers</Filter>
    </ClInclude>
    <ClInclude Include="MarkerList\MarkerListActions.h">
      <Filter>Markers</Filter>
    </ClInclude>
    <ClInclude Include="MarkerList\MarkerListClass.h">
      <Filter>Markers</Filter>
    </ClInclude>
    <ClInclude Include="Console\Console.h">
      <Filter>ReaConsole</Filter>
    </ClInclude>
    <ClInclude Include="Projects\ProjectList.h">
      <Filter>Proj Management</Filter>
    </ClInclude>
    <ClInclude Include="Projects\ProjectMgr.h">
      <Filter>Proj Management</Filter>
    </ClInclude>
    <ClInclude Include="Misc\Adam.h">
      <Filter>Adam</Filter>
    </ClInclude>
    <ClInclude Include="Snapshots\SnapshotClass.h">
      <Filter>Snapshots</Filter>
    </ClInclude>
    <ClInclude Include="Snapshots\SnapshotMerge.h">
      <Filter>Snapshots</Filter>
    </ClInclude>
    <ClInclude Include="Snapshots\Snapshots.h">
      <Filter>Snapshots</Filter>
    </ClInclude>
    <ClInclude Include="license.h">
      <Filter>Core</Filter>
    </ClInclude>
    <ClInclude Include="stdafx.h">
      <Filter>Core</Filter>
    </ClInclude>
    <ClInclude Include="sws_util.h">
      <Filter>Core</Filter>
    </ClInclude>
    <ClInclude Include="version.h">
      <Filter>Core</Filter>
    </ClInclude>
    <ClInclude Include="reaper\icontheme.h">
      <Filter>Core\Reaper</Filter>
    </ClInclude>
    <ClInclude Include="reaper\localize-import.h">
      <Filter>Core\Reaper</Filter>
    </ClInclude>
    <ClInclude Include="reaper\localize.h">
      <Filter>Core\Reaper</Filter>
    </ClInclude>
    <ClInclude Include="reaper\reaper_plugin.h">
      <Filter>Core\Reaper</Filter>
    </ClInclude>
    <ClInclude Include="reaper\sws_rpf_wrapper.h">
      <Filter>Core\Reaper</Filter>
    </ClInclude>
    <ClInclude Include="DragDrop.h">
      <Filter>Core\GUI</Filter>
    </ClInclude>
    <ClInclude Include="Menus.h">
      <Filter>Core\GUI</Filter>
    </ClInclude>
    <ClInclude Include="Prompt.h">
      <Filter>Core\GUI</Filter>
    </ClInclude>
    <ClInclude Include="sws_waitdlg.h">
      <Filter>Core\GUI</Filter>
    </ClInclude>
    <ClInclude Include="sws_wnd.h">
      <Filter>Core\GUI</Filter>
    </ClInclude>
    <ClInclude Include="Utility\Base64.h">
      <Filter>Core\Utils</Filter>
    </ClInclude>
    <ClInclude Include="Utility\SectionLock.h">
      <Filter>Core\Utils</Filter>
    </ClInclude>
    <ClInclude Include="libebur128\ebur128.h">
      <Filter>Core\Utils\libebur128</Filter>
    </ClInclude>
    <ClInclude Include="libebur128\queue\sys\queue.h">
      <Filter>Core\Utils\libebur128\queue\sys</Filter>
    </ClInclude>
    <ClInclude Include="ObjectState\ObjectState.h">
      <Filter>Core\Chunk Processing</Filter>
    </ClInclude>
    <ClInclude Include="ObjectState\TrackEnvelope.h">
      <Filter>Core\Chunk Processing</Filter>
    </ClInclude>
    <ClInclude Include="ObjectState\TrackFX.h">
      <Filter>Core\Chunk Processing</Filter>
    </ClInclude>
    <ClInclude Include="ObjectState\TrackSends.h">
      <Filter>Core\Chunk Processing</Filter>
    </ClInclude>
    <ClInclude Include="Zoom.h">
      <Filter>Zoom</Filter>
    </ClInclude>
    <ClInclude Include="Color\Autocolor.h">
      <Filter>Color</Filter>
    </ClInclude>
    <ClInclude Include="Color\Color.h">
      <Filter>Color</Filter>
    </ClInclude>
    <ClInclude Include="Freeze\ActiveTake.h">
      <Filter>Freeze</Filter>
    </ClInclude>
    <ClInclude Include="Freeze\Freeze.h">
      <Filter>Freeze</Filter>
    </ClInclude>
    <ClInclude Include="Freeze\ItemSelState.h">
      <Filter>Freeze</Filter>
    </ClInclude>
    <ClInclude Include="Freeze\MuteState.h">
      <Filter>Freeze</Filter>
    </ClInclude>
    <ClInclude Include="Freeze\TimeState.h">
      <Filter>Freeze</Filter>
    </ClInclude>
    <ClInclude Include="Freeze\TrackItemState.h">
      <Filter>Freeze</Filter>
    </ClInclude>
    <ClInclude Include="Misc\Analysis.h">
      <Filter>Misc / General Actions</Filter>
    </ClInclude>
    <ClInclude Include="Misc\Context.h">
      <Filter>Misc / General Actions</Filter>
    </ClInclude>
    <ClInclude Include="Misc\EditCursor.h">
      <Filter>Misc / General Actions</Filter>
    </ClInclude>
    <ClInclude Include="Misc\FolderActions.h">
      <Filter>Misc / General Actions</Filter>
    </ClInclude>
    <ClInclude Include="Misc\ItemParams.h">
      <Filter>Misc / General Actions</Filter>
    </ClInclude>
    <ClInclude Include="Misc\ItemSel.h">
      <Filter>Misc / General Actions</Filter>
    </ClInclude>
    <ClInclude Include="Misc\Macros.h">
      <Filter>Misc / General Actions</Filter>
    </ClInclude>
    <ClInclude Include="Misc\Misc.h">
      <Filter>Misc / General Actions</Filter>
    </ClInclude>
    <ClInclude Include="Misc\ProjPrefs.h">
      <Filter>Misc / General Actions</Filter>
    </ClInclude>
    <ClInclude Include="Misc\RecCheck.h">
      <Filter>Misc / General Actions</Filter>
    </ClInclude>
    <ClInclude Include="Misc\TrackParams.h">
      <Filter>Misc / General Actions</Filter>
    </ClInclude>
    <ClInclude Include="Misc\TrackSel.h">
      <Filter>Misc / General Actions</Filter>
    </ClInclude>
    <ClInclude Include="TrackList\Tracklist.h">
      <Filter>Track List</Filter>
    </ClInclude>
    <ClInclude Include="TrackList\TracklistFilter.h">
      <Filter>Track List</Filter>
    </ClInclude>
    <ClInclude Include="IX\IX.h">
      <Filter>IX</Filter>
    </ClInclude>
    <ClInclude Include="Breeder\BR.h">
      <Filter>Breeder</Filter>
    </ClInclude>
    <ClInclude Include="Breeder\BR_Envelope.h">
      <Filter>Breeder</Filter>
    </ClInclude>
    <ClInclude Include="Breeder\BR_EnvelopeUtil.h">
      <Filter>Breeder</Filter>
    </ClInclude>
    <ClInclude Include="Breeder\BR_Loudness.h">
      <Filter>Breeder</Filter>
    </ClInclude>
    <ClInclude Include="Breeder\BR_MidiEditor.h">
      <Filter>Breeder</Filter>
    </ClInclude>
    <ClInclude Include="Breeder\BR_MidiUtil.h">
      <Filter>Breeder</Filter>
    </ClInclude>
    <ClInclude Include="Breeder\BR_Misc.h">
      <Filter>Breeder</Filter>
    </ClInclude>
    <ClInclude Include="Breeder\BR_ProjState.h">
      <Filter>Breeder</Filter>
    </ClInclude>
    <ClInclude Include="Breeder\BR_ReaScript.h">
      <Filter>Breeder</Filter>
    </ClInclude>
    <ClInclude Include="Breeder\BR_Tempo.h">
      <Filter>Breeder</Filter>
    </ClInclude>
    <ClInclude Include="Breeder\BR_TempoDlg.h">
      <Filter>Breeder</Filter>
    </ClInclude>
    <ClInclude Include="Breeder\BR_Timer.h">
      <Filter>Breeder</Filter>
    </ClInclude>
    <ClInclude Include="Breeder\BR_Update.h">
      <Filter>Breeder</Filter>
    </ClInclude>
    <ClInclude Include="Breeder\BR_Util.h">
      <Filter>Breeder</Filter>
    </ClInclude>
    <ClInclude Include="Wol\wol.h">
      <Filter>Wol</Filter>
    </ClInclude>
    <ClInclude Include="C:\Program Files (x86)\REAPER\reaper_plugin_functions.h">
      <Filter>Core\Reaper</Filter>
    </ClInclude>
    <ClInclude Include="Wol\wol_Zoom.h">
      <Filter>Wol</Filter>
    </ClInclude>
    <ClInclude Include="Breeder\BR_ContinuousActions.h">
      <Filter>Breeder</Filter>
    </ClInclude>
    <ClInclude Include="Wol\wol_Util.h">
      <Filter>Wol</Filter>
    </ClInclude>
    <ClInclude Include="Breeder\BR_MouseUtil.h">
      <Filter>Breeder</Filter>
    </ClInclude>
    <ClInclude Include="Breeder\BR_ContextualToolbars.h">
      <Filter>Breeder</Filter>
    </ClInclude>
    <ClInclude Include="nofish\nofish.h">
      <Filter>nofish</Filter>
    </ClInclude>
    <ClInclude Include="reascript_vararg.h">
      <Filter>Core</Filter>
    </ClInclude>
    <ClInclude Include="..\WDL\WDL\jnetlib\asyncdns.h">
      <Filter>WDL\jnetlib</Filter>
    </ClInclude>
    <ClInclude Include="..\WDL\WDL\jnetlib\connection.h">
      <Filter>WDL\jnetlib</Filter>
    </ClInclude>
    <ClInclude Include="..\WDL\WDL\zlib\deflate.h">
      <Filter>WDL\zlib</Filter>
    </ClInclude>
    <ClInclude Include="..\WDL\WDL\zlib\crc32.h">
      <Filter>WDL\zlib</Filter>
    </ClInclude>
    <ClInclude Include="..\WDL\WDL\jnetlib\httpget.h">
      <Filter>WDL\jnetlib</Filter>
    </ClInclude>
    <ClInclude Include="..\WDL\WDL\zlib\inftrees.h">
      <Filter>WDL\zlib</Filter>
    </ClInclude>
    <ClInclude Include="..\WDL\WDL\zlib\inffast.h">
      <Filter>WDL\zlib</Filter>
    </ClInclude>
    <ClInclude Include="..\WDL\WDL\zlib\inffixed.h">
      <Filter>WDL\zlib</Filter>
    </ClInclude>
    <ClInclude Include="..\WDL\WDL\zlib\inflate.h">
      <Filter>WDL\zlib</Filter>
    </ClInclude>
    <ClInclude Include="..\WDL\WDL\jnetlib\jnetlib.h">
      <Filter>WDL\jnetlib</Filter>
    </ClInclude>
    <ClInclude Include="..\WDL\WDL\lice\lice.h">
      <Filter>WDL\lice</Filter>
    </ClInclude>
    <ClInclude Include="..\WDL\WDL\lice\lice_text.h">
      <Filter>WDL\lice</Filter>
    </ClInclude>
    <ClInclude Include="..\WDL\WDL\jnetlib\netinc.h">
      <Filter>WDL\jnetlib</Filter>
    </ClInclude>
    <ClInclude Include="..\WDL\WDL\libpng\png.h">
      <Filter>WDL\pnglib</Filter>
    </ClInclude>
    <ClInclude Include="..\WDL\WDL\libpng\pngconf.h">
      <Filter>WDL\pnglib</Filter>
    </ClInclude>
    <ClInclude Include="..\WDL\WDL\projectcontext.h">
      <Filter>WDL</Filter>
    </ClInclude>
    <ClInclude Include="..\WDL\WDL\zlib\trees.h">
      <Filter>WDL\zlib</Filter>
    </ClInclude>
    <ClInclude Include="..\WDL\WDL\jnetlib\util.h">
      <Filter>WDL\jnetlib</Filter>
    </ClInclude>
    <ClInclude Include="..\WDL\WDL\wingui\virtwnd.h">
      <Filter>WDL\vwnd</Filter>
    </ClInclude>
    <ClInclude Include="..\WDL\WDL\wingui\virtwnd-controls.h">
      <Filter>WDL\vwnd</Filter>
    </ClInclude>
    <ClInclude Include="..\WDL\WDL\wingui\virtwnd-skin.h">
      <Filter>WDL\vwnd</Filter>
    </ClInclude>
    <ClInclude Include="..\WDL\WDL\win32_utf8.h">
      <Filter>WDL</Filter>
    </ClInclude>
    <ClInclude Include="..\WDL\WDL\wingui\wndsize.h">
      <Filter>WDL\vwnd</Filter>
    </ClInclude>
    <ClInclude Include="..\WDL\WDL\zlib\zutil.h">
      <Filter>WDL\zlib</Filter>
    </ClInclude>
    <ClInclude Include="..\WDL\WDL\zlib\zconf.in.h">
      <Filter>WDL\zlib</Filter>
    </ClInclude>
    <ClInclude Include="..\WDL\WDL\zlib\zlib.h">
      <Filter>WDL\zlib</Filter>
    </ClInclude>
    <ClInclude Include="..\WDL\WDL\zlib\zconf.h">
      <Filter>WDL\zlib</Filter>
    </ClInclude>
  </ItemGroup>
  <ItemGroup>
    <ResourceCompile Include="sws_extension.rc">
      <Filter>Resource Files</Filter>
    </ResourceCompile>
  </ItemGroup>
  <ItemGroup>
    <None Include="version.rc2">
      <Filter>Resource Files</Filter>
    </None>
    <None Include="Resources\Bitmap\downarrow.bmp">
      <Filter>Resource Files</Filter>
    </None>
    <None Include="Resources\Bitmap\uparrow.bmp">
      <Filter>Resource Files</Filter>
    </None>
    <None Include="Resources\Cursor\sws_env_pen_grid.cur">
      <Filter>Resource Files</Filter>
    </None>
    <None Include="Resources\Cursor\sws_env_pt_adj_vert.cur">
      <Filter>Resource Files</Filter>
    </None>
    <None Include="Resources\Cursor\sws_grid_warp.cur">
      <Filter>Resource Files</Filter>
    </None>
    <None Include="Resources\Cursor\sws_misc_speaker.cur">
      <Filter>Resource Files</Filter>
    </None>
    <None Include="Resources\Cursor\sws_zoom_drag.cur">
      <Filter>Resource Files</Filter>
    </None>
    <None Include="Resources\Cursor\sws_zoom_in.cur">
      <Filter>Resource Files</Filter>
    </None>
    <None Include="Resources\Cursor\sws_zoom_out.cur">
      <Filter>Resource Files</Filter>
    </None>
    <None Include="Resources\Cursor\sws_zoom_undo.cur">
      <Filter>Resource Files</Filter>
    </None>
    <None Include="whatsnew.txt" />
    <None Include="wdl.natvis" />
  </ItemGroup>
  <ItemGroup>
    <ClCompile Include="Xenakios\AutoRename.cpp">
      <Filter>Xenakios\Source Files</Filter>
    </ClCompile>
    <ClCompile Include="Xenakios\BroadCastWavCommands.cpp">
      <Filter>Xenakios\Source Files</Filter>
    </ClCompile>
    <ClCompile Include="Xenakios\CommandRegistering.cpp">
      <Filter>Xenakios\Source Files</Filter>
    </ClCompile>
    <ClCompile Include="Xenakios\CreateTrax.cpp">
      <Filter>Xenakios\Source Files</Filter>
    </ClCompile>
    <ClCompile Include="Xenakios\DiskSpaceCalculator.cpp">
      <Filter>Xenakios\Source Files</Filter>
    </ClCompile>
    <ClCompile Include="Xenakios\Envelope_actions.cpp">
      <Filter>Xenakios\Source Files</Filter>
    </ClCompile>
    <ClCompile Include="Xenakios\ExoticCommands.cpp">
      <Filter>Xenakios\Source Files</Filter>
    </ClCompile>
    <ClCompile Include="Xenakios\FloatingInspector.cpp">
      <Filter>Xenakios\Source Files</Filter>
    </ClCompile>
    <ClCompile Include="Xenakios\fractions.cpp">
      <Filter>Xenakios\Source Files</Filter>
    </ClCompile>
    <ClCompile Include="Xenakios\ItemTakeCommands.cpp">
      <Filter>Xenakios\Source Files</Filter>
    </ClCompile>
    <ClCompile Include="Xenakios\main.cpp">
      <Filter>Xenakios\Source Files</Filter>
    </ClCompile>
    <ClCompile Include="Xenakios\MediaDialog.cpp">
      <Filter>Xenakios\Source Files</Filter>
    </ClCompile>
    <ClCompile Include="Xenakios\MixerActions.cpp">
      <Filter>Xenakios\Source Files</Filter>
    </ClCompile>
    <ClCompile Include="Xenakios\MoreItemCommands.cpp">
      <Filter>Xenakios\Source Files</Filter>
    </ClCompile>
    <ClCompile Include="Xenakios\Parameters.cpp">
      <Filter>Xenakios\Source Files</Filter>
    </ClCompile>
    <ClCompile Include="Xenakios\PropertyInterpolator.cpp">
      <Filter>Xenakios\Source Files</Filter>
    </ClCompile>
    <ClCompile Include="Xenakios\TakeRenaming.cpp">
      <Filter>Xenakios\Source Files</Filter>
    </ClCompile>
    <ClCompile Include="Xenakios\TrackTemplateActions.cpp">
      <Filter>Xenakios\Source Files</Filter>
    </ClCompile>
    <ClCompile Include="Xenakios\XenQueryDlg.cpp">
      <Filter>Xenakios\Source Files</Filter>
    </ClCompile>
    <ClCompile Include="Xenakios\XenUtils.cpp">
      <Filter>Xenakios\Source Files</Filter>
    </ClCompile>
    <ClCompile Include="SnM\SnM.cpp">
      <Filter>SnM</Filter>
    </ClCompile>
    <ClCompile Include="SnM\SnM_Chunk.cpp">
      <Filter>SnM</Filter>
    </ClCompile>
    <ClCompile Include="SnM\SnM_CSurf.cpp">
      <Filter>SnM</Filter>
    </ClCompile>
    <ClCompile Include="SnM\SnM_CueBuss.cpp">
      <Filter>SnM</Filter>
    </ClCompile>
    <ClCompile Include="SnM\SnM_Cyclactions.cpp">
      <Filter>SnM</Filter>
    </ClCompile>
    <ClCompile Include="SnM\SnM_Dlg.cpp">
      <Filter>SnM</Filter>
    </ClCompile>
    <ClCompile Include="SnM\SnM_Find.cpp">
      <Filter>SnM</Filter>
    </ClCompile>
    <ClCompile Include="SnM\SnM_FX.cpp">
      <Filter>SnM</Filter>
    </ClCompile>
    <ClCompile Include="SnM\SnM_FXChain.cpp">
      <Filter>SnM</Filter>
    </ClCompile>
    <ClCompile Include="SnM\SnM_Item.cpp">
      <Filter>SnM</Filter>
    </ClCompile>
    <ClCompile Include="SnM\SnM_LiveConfigs.cpp">
      <Filter>SnM</Filter>
    </ClCompile>
    <ClCompile Include="SnM\SnM_Marker.cpp">
      <Filter>SnM</Filter>
    </ClCompile>
    <ClCompile Include="SnM\SnM_ME.cpp">
      <Filter>SnM</Filter>
    </ClCompile>
    <ClCompile Include="SnM\SnM_Misc.cpp">
      <Filter>SnM</Filter>
    </ClCompile>
    <ClCompile Include="SnM\SnM_Notes.cpp">
      <Filter>SnM</Filter>
    </ClCompile>
    <ClCompile Include="SnM\SnM_Project.cpp">
      <Filter>SnM</Filter>
    </ClCompile>
    <ClCompile Include="SnM\SnM_RegionPlaylist.cpp">
      <Filter>SnM</Filter>
    </ClCompile>
    <ClCompile Include="SnM\SnM_Resources.cpp">
      <Filter>SnM</Filter>
    </ClCompile>
    <ClCompile Include="SnM\SnM_Routing.cpp">
      <Filter>SnM</Filter>
    </ClCompile>
    <ClCompile Include="SnM\SnM_Track.cpp">
      <Filter>SnM</Filter>
    </ClCompile>
    <ClCompile Include="SnM\SnM_Util.cpp">
      <Filter>SnM</Filter>
    </ClCompile>
    <ClCompile Include="SnM\SnM_VWnd.cpp">
      <Filter>SnM</Filter>
    </ClCompile>
    <ClCompile Include="SnM\SnM_Window.cpp">
      <Filter>SnM</Filter>
    </ClCompile>
    <ClCompile Include="Padre\padreActions.cpp">
      <Filter>Padre</Filter>
    </ClCompile>
    <ClCompile Include="Padre\padreEnvelopeProcessor.cpp">
      <Filter>Padre</Filter>
    </ClCompile>
    <ClCompile Include="Padre\padreMidiItemFilters.cpp">
      <Filter>Padre</Filter>
    </ClCompile>
    <ClCompile Include="Padre\padreMidiItemGenerators.cpp">
      <Filter>Padre</Filter>
    </ClCompile>
    <ClCompile Include="Padre\padreMidiItemProcBase.cpp">
      <Filter>Padre</Filter>
    </ClCompile>
    <ClCompile Include="Padre\padreRmeTotalmix.cpp">
      <Filter>Padre</Filter>
    </ClCompile>
    <ClCompile Include="Padre\padreUtils.cpp">
      <Filter>Padre</Filter>
    </ClCompile>
    <ClCompile Include="Fingers\CommandHandler.cpp">
      <Filter>Fingers</Filter>
    </ClCompile>
    <ClCompile Include="Fingers\Envelope.cpp">
      <Filter>Fingers</Filter>
    </ClCompile>
    <ClCompile Include="Fingers\EnvelopeCommands.cpp">
      <Filter>Fingers</Filter>
    </ClCompile>
    <ClCompile Include="Fingers\FNG.cpp">
      <Filter>Fingers</Filter>
    </ClCompile>
    <ClCompile Include="Fingers\GrooveCommands.cpp">
      <Filter>Fingers</Filter>
    </ClCompile>
    <ClCompile Include="Fingers\GrooveDialog.cpp">
      <Filter>Fingers</Filter>
    </ClCompile>
    <ClCompile Include="Fingers\GrooveTemplates.cpp">
      <Filter>Fingers</Filter>
    </ClCompile>
    <ClCompile Include="Fingers\MediaItemCommands.cpp">
      <Filter>Fingers</Filter>
    </ClCompile>
    <ClCompile Include="Fingers\MidiLaneCommands.cpp">
      <Filter>Fingers</Filter>
    </ClCompile>
    <ClCompile Include="Fingers\MiscCommands.cpp">
      <Filter>Fingers</Filter>
    </ClCompile>
    <ClCompile Include="Fingers\RprException.cpp">
      <Filter>Fingers</Filter>
    </ClCompile>
    <ClCompile Include="Fingers\RprItem.cpp">
      <Filter>Fingers</Filter>
    </ClCompile>
    <ClCompile Include="Fingers\RprMidiCCLane.cpp">
      <Filter>Fingers</Filter>
    </ClCompile>
    <ClCompile Include="Fingers\RprMidiEvent.cpp">
      <Filter>Fingers</Filter>
    </ClCompile>
    <ClCompile Include="Fingers\RprMidiTake.cpp">
      <Filter>Fingers</Filter>
    </ClCompile>
    <ClCompile Include="Fingers\RprMidiTemplate.cpp">
      <Filter>Fingers</Filter>
    </ClCompile>
    <ClCompile Include="Fingers\RprNode.cpp">
      <Filter>Fingers</Filter>
    </ClCompile>
    <ClCompile Include="Fingers\RprStateChunk.cpp">
      <Filter>Fingers</Filter>
    </ClCompile>
    <ClCompile Include="Fingers\RprTake.cpp">
      <Filter>Fingers</Filter>
    </ClCompile>
    <ClCompile Include="Fingers\RprTrack.cpp">
      <Filter>Fingers</Filter>
    </ClCompile>
    <ClCompile Include="Fingers\StringUtil.cpp">
      <Filter>Fingers</Filter>
    </ClCompile>
    <ClCompile Include="Fingers\TimeMap.cpp">
      <Filter>Fingers</Filter>
    </ClCompile>
    <ClCompile Include="Autorender\Autorender.cpp">
      <Filter>Autorender</Filter>
    </ClCompile>
    <ClCompile Include="Autorender\RenderTrack.cpp">
      <Filter>Autorender</Filter>
    </ClCompile>
    <ClCompile Include="MarkerActions\MarkerActions.cpp">
      <Filter>Markers</Filter>
    </ClCompile>
    <ClCompile Include="MarkerList\MarkerList.cpp">
      <Filter>Markers</Filter>
    </ClCompile>
    <ClCompile Include="MarkerList\MarkerListActions.cpp">
      <Filter>Markers</Filter>
    </ClCompile>
    <ClCompile Include="MarkerList\MarkerListClass.cpp">
      <Filter>Markers</Filter>
    </ClCompile>
    <ClCompile Include="Console\Console.cpp">
      <Filter>ReaConsole</Filter>
    </ClCompile>
    <ClCompile Include="Projects\ProjectList.cpp">
      <Filter>Proj Management</Filter>
    </ClCompile>
    <ClCompile Include="Projects\ProjectMgr.cpp">
      <Filter>Proj Management</Filter>
    </ClCompile>
    <ClCompile Include="Misc\Adam.cpp">
      <Filter>Adam</Filter>
    </ClCompile>
    <ClCompile Include="Snapshots\SnapshotClass.cpp">
      <Filter>Snapshots</Filter>
    </ClCompile>
    <ClCompile Include="Snapshots\SnapshotMerge.cpp">
      <Filter>Snapshots</Filter>
    </ClCompile>
    <ClCompile Include="Snapshots\Snapshots.cpp">
      <Filter>Snapshots</Filter>
    </ClCompile>
    <ClCompile Include="Reascript.cpp">
      <Filter>Core</Filter>
    </ClCompile>
    <ClCompile Include="stdafx.cpp">
      <Filter>Core</Filter>
    </ClCompile>
    <ClCompile Include="sws_about.cpp">
      <Filter>Core</Filter>
    </ClCompile>
    <ClCompile Include="sws_extension.cpp">
      <Filter>Core</Filter>
    </ClCompile>
    <ClCompile Include="sws_util.cpp">
      <Filter>Core</Filter>
    </ClCompile>
    <ClCompile Include="reaper\reaper.cpp">
      <Filter>Core\Reaper</Filter>
    </ClCompile>
    <ClCompile Include="DragDrop.cpp">
      <Filter>Core\GUI</Filter>
    </ClCompile>
    <ClCompile Include="Menus.cpp">
      <Filter>Core\GUI</Filter>
    </ClCompile>
    <ClCompile Include="Prompt.cpp">
      <Filter>Core\GUI</Filter>
    </ClCompile>
    <ClCompile Include="sws_waitdlg.cpp">
      <Filter>Core\GUI</Filter>
    </ClCompile>
    <ClCompile Include="sws_wnd.cpp">
      <Filter>Core\GUI</Filter>
    </ClCompile>
    <ClCompile Include="Utility\Base64.cpp">
      <Filter>Core\Utils</Filter>
    </ClCompile>
    <ClCompile Include="ObjectState\ObjectState.cpp">
      <Filter>Core\Chunk Processing</Filter>
    </ClCompile>
    <ClCompile Include="ObjectState\TrackEnvelope.cpp">
      <Filter>Core\Chunk Processing</Filter>
    </ClCompile>
    <ClCompile Include="ObjectState\TrackFX.cpp">
      <Filter>Core\Chunk Processing</Filter>
    </ClCompile>
    <ClCompile Include="ObjectState\TrackSends.cpp">
      <Filter>Core\Chunk Processing</Filter>
    </ClCompile>
    <ClCompile Include="Zoom.cpp">
      <Filter>Zoom</Filter>
    </ClCompile>
    <ClCompile Include="Color\Autocolor.cpp">
      <Filter>Color</Filter>
    </ClCompile>
    <ClCompile Include="Color\Color.cpp">
      <Filter>Color</Filter>
    </ClCompile>
    <ClCompile Include="Freeze\ActiveTake.cpp">
      <Filter>Freeze</Filter>
    </ClCompile>
    <ClCompile Include="Freeze\Freeze.cpp">
      <Filter>Freeze</Filter>
    </ClCompile>
    <ClCompile Include="Freeze\ItemSelState.cpp">
      <Filter>Freeze</Filter>
    </ClCompile>
    <ClCompile Include="Freeze\MuteState.cpp">
      <Filter>Freeze</Filter>
    </ClCompile>
    <ClCompile Include="Freeze\TimeState.cpp">
      <Filter>Freeze</Filter>
    </ClCompile>
    <ClCompile Include="Freeze\TrackItemState.cpp">
      <Filter>Freeze</Filter>
    </ClCompile>
    <ClCompile Include="Misc\Analysis.cpp">
      <Filter>Misc / General Actions</Filter>
    </ClCompile>
    <ClCompile Include="Misc\Context.cpp">
      <Filter>Misc / General Actions</Filter>
    </ClCompile>
    <ClCompile Include="Misc\EditCursor.cpp">
      <Filter>Misc / General Actions</Filter>
    </ClCompile>
    <ClCompile Include="Misc\FolderActions.cpp">
      <Filter>Misc / General Actions</Filter>
    </ClCompile>
    <ClCompile Include="Misc\ItemParams.cpp">
      <Filter>Misc / General Actions</Filter>
    </ClCompile>
    <ClCompile Include="Misc\ItemSel.cpp">
      <Filter>Misc / General Actions</Filter>
    </ClCompile>
    <ClCompile Include="Misc\Macros.cpp">
      <Filter>Misc / General Actions</Filter>
    </ClCompile>
    <ClCompile Include="Misc\Misc.cpp">
      <Filter>Misc / General Actions</Filter>
    </ClCompile>
    <ClCompile Include="Misc\ProjPrefs.cpp">
      <Filter>Misc / General Actions</Filter>
    </ClCompile>
    <ClCompile Include="Misc\RecCheck.cpp">
      <Filter>Misc / General Actions</Filter>
    </ClCompile>
    <ClCompile Include="Misc\TrackParams.cpp">
      <Filter>Misc / General Actions</Filter>
    </ClCompile>
    <ClCompile Include="Misc\TrackSel.cpp">
      <Filter>Misc / General Actions</Filter>
    </ClCompile>
    <ClCompile Include="TrackList\Tracklist.cpp">
      <Filter>Track List</Filter>
    </ClCompile>
    <ClCompile Include="TrackList\TracklistFilter.cpp">
      <Filter>Track List</Filter>
    </ClCompile>
    <ClCompile Include="IX\IX.cpp">
      <Filter>IX</Filter>
    </ClCompile>
    <ClCompile Include="IX\Label.cpp">
      <Filter>IX</Filter>
    </ClCompile>
    <ClCompile Include="IX\PlaylistImport.cpp">
      <Filter>IX</Filter>
    </ClCompile>
    <ClCompile Include="Breeder\BR.cpp">
      <Filter>Breeder</Filter>
    </ClCompile>
    <ClCompile Include="Breeder\BR_Envelope.cpp">
      <Filter>Breeder</Filter>
    </ClCompile>
    <ClCompile Include="Breeder\BR_EnvelopeUtil.cpp">
      <Filter>Breeder</Filter>
    </ClCompile>
    <ClCompile Include="Breeder\BR_Loudness.cpp">
      <Filter>Breeder</Filter>
    </ClCompile>
    <ClCompile Include="Breeder\BR_MidiEditor.cpp">
      <Filter>Breeder</Filter>
    </ClCompile>
    <ClCompile Include="Breeder\BR_MidiUtil.cpp">
      <Filter>Breeder</Filter>
    </ClCompile>
    <ClCompile Include="Breeder\BR_Misc.cpp">
      <Filter>Breeder</Filter>
    </ClCompile>
    <ClCompile Include="Breeder\BR_ProjState.cpp">
      <Filter>Breeder</Filter>
    </ClCompile>
    <ClCompile Include="Breeder\BR_ReaScript.cpp">
      <Filter>Breeder</Filter>
    </ClCompile>
    <ClCompile Include="Breeder\BR_Tempo.cpp">
      <Filter>Breeder</Filter>
    </ClCompile>
    <ClCompile Include="Breeder\BR_TempoDlg.cpp">
      <Filter>Breeder</Filter>
    </ClCompile>
    <ClCompile Include="Breeder\BR_Timer.cpp">
      <Filter>Breeder</Filter>
    </ClCompile>
    <ClCompile Include="Breeder\BR_Update.cpp">
      <Filter>Breeder</Filter>
    </ClCompile>
    <ClCompile Include="Breeder\BR_Util.cpp">
      <Filter>Breeder</Filter>
    </ClCompile>
    <ClCompile Include="Wol\wol.cpp">
      <Filter>Wol</Filter>
    </ClCompile>
    <ClCompile Include="Wol\wol_Zoom.cpp">
      <Filter>Wol</Filter>
    </ClCompile>
    <ClCompile Include="Breeder\BR_ContinuousActions.cpp">
      <Filter>Breeder</Filter>
    </ClCompile>
    <ClCompile Include="libebur128\ebur128.cpp">
      <Filter>Core\Utils\libebur128</Filter>
    </ClCompile>
    <ClCompile Include="Wol\wol_Util.cpp">
      <Filter>Wol</Filter>
    </ClCompile>
    <ClCompile Include="Breeder\BR_MouseUtil.cpp">
      <Filter>Breeder</Filter>
    </ClCompile>
    <ClCompile Include="Breeder\BR_ContextualToolbars.cpp">
      <Filter>Breeder</Filter>
    </ClCompile>
    <ClCompile Include="nofish\nofish.cpp">
      <Filter>nofish</Filter>
    </ClCompile>
    <ClCompile Include="..\WDL\WDL\zlib\adler32.c">
      <Filter>WDL\zlib</Filter>
    </ClCompile>
    <ClCompile Include="..\WDL\WDL\jnetlib\asyncdns.cpp">
      <Filter>WDL\jnetlib</Filter>
    </ClCompile>
    <ClCompile Include="..\WDL\WDL\zlib\compress.c">
      <Filter>WDL\zlib</Filter>
    </ClCompile>
    <ClCompile Include="..\WDL\WDL\jnetlib\connection.cpp">
      <Filter>WDL\jnetlib</Filter>
    </ClCompile>
    <ClCompile Include="..\WDL\WDL\zlib\crc32.c">
      <Filter>WDL\zlib</Filter>
    </ClCompile>
    <ClCompile Include="..\WDL\WDL\zlib\deflate.c">
      <Filter>WDL\zlib</Filter>
    </ClCompile>
    <ClCompile Include="..\WDL\WDL\jnetlib\httpget.cpp">
      <Filter>WDL\jnetlib</Filter>
    </ClCompile>
    <ClCompile Include="..\WDL\WDL\zlib\inftrees.c">
      <Filter>WDL\zlib</Filter>
    </ClCompile>
    <ClCompile Include="..\WDL\WDL\zlib\infback.c">
      <Filter>WDL\zlib</Filter>
    </ClCompile>
    <ClCompile Include="..\WDL\WDL\zlib\inffast.c">
      <Filter>WDL\zlib</Filter>
    </ClCompile>
    <ClCompile Include="..\WDL\WDL\zlib\inflate.c">
      <Filter>WDL\zlib</Filter>
    </ClCompile>
    <ClCompile Include="..\WDL\WDL\lice\lice.cpp">
      <Filter>WDL\lice</Filter>
    </ClCompile>
    <ClCompile Include="..\WDL\WDL\lice\lice_textnew.cpp">
      <Filter>WDL\lice</Filter>
    </ClCompile>
    <ClCompile Include="..\WDL\WDL\lice\lice_arc.cpp">
      <Filter>WDL\lice</Filter>
    </ClCompile>
    <ClCompile Include="..\WDL\WDL\lice\lice_image.cpp">
      <Filter>WDL\lice</Filter>
    </ClCompile>
    <ClCompile Include="..\WDL\WDL\lice\lice_line.cpp">
      <Filter>WDL\lice</Filter>
    </ClCompile>
    <ClCompile Include="..\WDL\WDL\lice\lice_png.cpp">
      <Filter>WDL\lice</Filter>
    </ClCompile>
    <ClCompile Include="..\WDL\WDL\libpng\pngwutil.c">
      <Filter>WDL\pnglib</Filter>
    </ClCompile>
    <ClCompile Include="..\WDL\WDL\libpng\png.c">
      <Filter>WDL\pnglib</Filter>
    </ClCompile>
    <ClCompile Include="..\WDL\WDL\libpng\pngerror.c">
      <Filter>WDL\pnglib</Filter>
    </ClCompile>
    <ClCompile Include="..\WDL\WDL\libpng\pngget.c">
      <Filter>WDL\pnglib</Filter>
    </ClCompile>
    <ClCompile Include="..\WDL\WDL\libpng\pngmem.c">
      <Filter>WDL\pnglib</Filter>
    </ClCompile>
    <ClCompile Include="..\WDL\WDL\libpng\pngpread.c">
      <Filter>WDL\pnglib</Filter>
    </ClCompile>
    <ClCompile Include="..\WDL\WDL\libpng\pngread.c">
      <Filter>WDL\pnglib</Filter>
    </ClCompile>
    <ClCompile Include="..\WDL\WDL\libpng\pngrio.c">
      <Filter>WDL\pnglib</Filter>
    </ClCompile>
    <ClCompile Include="..\WDL\WDL\libpng\pngrtran.c">
      <Filter>WDL\pnglib</Filter>
    </ClCompile>
    <ClCompile Include="..\WDL\WDL\libpng\pngrutil.c">
      <Filter>WDL\pnglib</Filter>
    </ClCompile>
    <ClCompile Include="..\WDL\WDL\libpng\pngset.c">
      <Filter>WDL\pnglib</Filter>
    </ClCompile>
    <ClCompile Include="..\WDL\WDL\libpng\pngtrans.c">
      <Filter>WDL\pnglib</Filter>
    </ClCompile>
    <ClCompile Include="..\WDL\WDL\libpng\pngwio.c">
      <Filter>WDL\pnglib</Filter>
    </ClCompile>
    <ClCompile Include="..\WDL\WDL\libpng\pngwrite.c">
      <Filter>WDL\pnglib</Filter>
    </ClCompile>
    <ClCompile Include="..\WDL\WDL\libpng\pngwtran.c">
      <Filter>WDL\pnglib</Filter>
    </ClCompile>
    <ClCompile Include="..\WDL\WDL\projectcontext.cpp">
      <Filter>WDL</Filter>
    </ClCompile>
    <ClCompile Include="..\WDL\WDL\sha.cpp">
      <Filter>WDL</Filter>
    </ClCompile>
    <ClCompile Include="..\WDL\WDL\zlib\trees.c">
      <Filter>WDL\zlib</Filter>
    </ClCompile>
    <ClCompile Include="..\WDL\WDL\zlib\uncompr.c">
      <Filter>WDL\zlib</Filter>
    </ClCompile>
    <ClCompile Include="..\WDL\WDL\jnetlib\util.cpp">
      <Filter>WDL\jnetlib</Filter>
    </ClCompile>
    <ClCompile Include="..\WDL\WDL\wingui\virtwnd-slider.cpp">
      <Filter>WDL\vwnd</Filter>
    </ClCompile>
    <ClCompile Include="..\WDL\WDL\wingui\virtwnd.cpp">
      <Filter>WDL\vwnd</Filter>
    </ClCompile>
    <ClCompile Include="..\WDL\WDL\wingui\virtwnd-iconbutton.cpp">
      <Filter>WDL\vwnd</Filter>
    </ClCompile>
    <ClCompile Include="..\WDL\WDL\wingui\virtwnd-listbox.cpp">
      <Filter>WDL\vwnd</Filter>
    </ClCompile>
    <ClCompile Include="..\WDL\WDL\win32_utf8.c">
      <Filter>WDL</Filter>
    </ClCompile>
    <ClCompile Include="..\WDL\WDL\wingui\wndsize.cpp">
      <Filter>WDL\vwnd</Filter>
    </ClCompile>
    <ClCompile Include="..\WDL\WDL\zlib\zutil.c">
      <Filter>WDL\zlib</Filter>
    </ClCompile>
  </ItemGroup>
  <ItemGroup>
    <CustomBuild Include="reascript_vararg.php">
      <Filter>Core</Filter>
    </CustomBuild>
    <CustomBuild Include="reascript_python.pl">
      <Filter>Core</Filter>
    </CustomBuild>
  </ItemGroup>
</Project>