Microsoft Visual Studio Solution File, Format Version 12.00
# Visual Studio Express 2013 for Windows Desktop
VisualStudioVersion = 12.0.21005.1
MinimumVisualStudioVersion = 10.0.40219.1
Project("{8BC9CEB8-8B4A-11D0-8D11-00A0C91BC942}") = "PrintVersion", "PrintVersion.vcxproj", "{49B67853-1B0D-43F5-A8E5-A812C16C84D2}"
EndProject
Project("{8BC9CEB8-8B4A-11D0-8D11-00A0C91BC942}") = "MakeWhatsNew", "MakeWhatsNew.vcxproj", "{2D8D3D04-A6A7-45C1-9857-D9D9E9610CB7}"
EndProject
Project("{8BC9CEB8-8B4A-11D0-8D11-00A0C91BC942}") = "BuildLangpack", "BuildLangpack.vcxproj", "{0B5699DE-4E71-4AFD-AD56-77C225B77B9C}"
EndProject
Global
	GlobalSection(SolutionConfigurationPlatforms) = preSolution
		Debug|Win32 = Debug|Win32
		Release|Win32 = Release|Win32
	EndGlobalSection
	GlobalSection(ProjectConfigurationPlatforms) = postSolution
		{49B67853-1B0D-43F5-A8E5-A812C16C84D2}.Debug|Win32.ActiveCfg = Release|Win32
		{49B67853-1B0D-43F5-A8E5-A812C16C84D2}.Debug|Win32.Build.0 = Release|Win32
		{49B67853-1B0D-43F5-A8E5-A812C16C84D2}.Release|Win32.ActiveCfg = Release|Win32
		{49B67853-1B0D-43F5-A8E5-A812C16C84D2}.Release|Win32.Build.0 = Release|Win32
		{2D8D3D04-A6A7-45C1-9857-D9D9E9610CB7}.Debug|Win32.ActiveCfg = Release|Win32
		{2D8D3D04-A6A7-45C1-9857-D9D9E9610CB7}.Debug|Win32.Build.0 = Release|Win32
		{2D8D3D04-A6A7-45C1-9857-D9D9E9610CB7}.Release|Win32.ActiveCfg = Release|Win32
		{2D8D3D04-A6A7-45C1-9857-D9D9E9610CB7}.Release|Win32.Build.0 = Release|Win32
		{0B5699DE-4E71-4AFD-AD56-77C225B77B9C}.Debug|Win32.ActiveCfg = Debug|Win32
		{0B5699DE-4E71-4AFD-AD56-77C225B77B9C}.Debug|Win32.Build.0 = Debug|Win32
		{0B5699DE-4E71-4AFD-AD56-77C225B77B9C}.Release|Win32.ActiveCfg = Release|Win32
		{0B5699DE-4E71-4AFD-AD56-77C225B77B9C}.Release|Win32.Build.0 = Release|Win32
	EndGlobalSection
	GlobalSection(SolutionProperties) = preSolution
		HideSolutionNode = FALSE
	EndGlobalSection
EndGlobal
